// !$*UTF8*$!
{
	archiveVersion = 1;
	classes = {
	};
	objectVersion = 46;
	objects = {

/* Begin PBXBuildFile section */
		471557B01AEDAA9400727572 /* main.cpp in Sources */ = {isa = PBXBuildFile; fileRef = 471557AF1AEDAA9400727572 /* main.cpp */; };
		471557B21AEDAA9400727572 /* Makefile in Sources */ = {isa = PBXBuildFile; fileRef = 471557B11AEDAA9400727572 /* Makefile */; };
		471557B51AEDAA9400727572 /* LocalLibrary.cpp in Sources */ = {isa = PBXBuildFile; fileRef = 471557B41AEDAA9400727572 /* LocalLibrary.cpp */; };
/* End PBXBuildFile section */

/* Begin PBXFileReference section */
		471557AC1AEDAA9400727572 /* Index */ = {isa = PBXFileReference; explicitFileType = "compiled.mach-o.executable"; includeInIndex = 0; path = Index; sourceTree = BUILT_PRODUCTS_DIR; };
		471557AF1AEDAA9400727572 /* main.cpp */ = {isa = PBXFileReference; lastKnownFileType = sourcecode.cpp.cpp; path = main.cpp; sourceTree = "<group>"; };
		471557B11AEDAA9400727572 /* Makefile */ = {isa = PBXFileReference; lastKnownFileType = sourcecode.make; path = Makefile; sourceTree = "<group>"; };
		471557B31AEDAA9400727572 /* ReadMe.txt */ = {isa = PBXFileReference; lastKnownFileType = text; path = ReadMe.txt; sourceTree = "<group>"; };
		471557B41AEDAA9400727572 /* LocalLibrary.cpp */ = {isa = PBXFileReference; lastKnownFileType = sourcecode.cpp.cpp; path = LocalLibrary.cpp; sourceTree = "<group>"; };
		471557B61AEDAA9400727572 /* LocalLibrary.h */ = {isa = PBXFileReference; lastKnownFileType = sourcecode.c.h; path = LocalLibrary.h; sourceTree = "<group>"; };
		471557B81AEDAA9400727572 /* Sketchbook.txt */ = {isa = PBXFileReference; lastKnownFileType = text; name = Sketchbook.txt; path = Sketchbook/Sketchbook.txt; sourceTree = "<group>"; };
		471557BA1AEDAA9400727572 /* 4D Systems PICadillo 35T.xcconfig */ = {isa = PBXFileReference; lastKnownFileType = text.xcconfig; name = "4D Systems PICadillo 35T.xcconfig"; path = "Configurations/4D Systems PICadillo 35T.xcconfig"; sourceTree = "<group>"; };
		471557BB1AEDAA9400727572 /* Adafruit Pro Trinket 3V-12MHz.xcconfig */ = {isa = PBXFileReference; lastKnownFileType = text.xcconfig; name = "Adafruit Pro Trinket 3V-12MHz.xcconfig"; path = "Configurations/Adafruit Pro Trinket 3V-12MHz.xcconfig"; sourceTree = "<group>"; };
		471557BC1AEDAA9400727572 /* Adafruit Pro Trinket 5V-16MHz.xcconfig */ = {isa = PBXFileReference; lastKnownFileType = text.xcconfig; name = "Adafruit Pro Trinket 5V-16MHz.xcconfig"; path = "Configurations/Adafruit Pro Trinket 5V-16MHz.xcconfig"; sourceTree = "<group>"; };
		471557BD1AEDAA9400727572 /* Adafruit Trinket 3V-8MHz.xcconfig */ = {isa = PBXFileReference; lastKnownFileType = text.xcconfig; name = "Adafruit Trinket 3V-8MHz.xcconfig"; path = "Configurations/Adafruit Trinket 3V-8MHz.xcconfig"; sourceTree = "<group>"; };
		471557BE1AEDAA9400727572 /* Adafruit Trinket 5V-16MHz.xcconfig */ = {isa = PBXFileReference; lastKnownFileType = text.xcconfig; name = "Adafruit Trinket 5V-16MHz.xcconfig"; path = "Configurations/Adafruit Trinket 5V-16MHz.xcconfig"; sourceTree = "<group>"; };
		471557BF1AEDAA9400727572 /* Arduino Due.xcconfig */ = {isa = PBXFileReference; lastKnownFileType = text.xcconfig; name = "Arduino Due.xcconfig"; path = "Configurations/Arduino Due.xcconfig"; sourceTree = "<group>"; };
		471557C01AEDAA9400727572 /* Arduino Duemilanove.xcconfig */ = {isa = PBXFileReference; lastKnownFileType = text.xcconfig; name = "Arduino Duemilanove.xcconfig"; path = "Configurations/Arduino Duemilanove.xcconfig"; sourceTree = "<group>"; };
		471557C11AEDAA9400727572 /* Arduino Leonardo.xcconfig */ = {isa = PBXFileReference; lastKnownFileType = text.xcconfig; name = "Arduino Leonardo.xcconfig"; path = "Configurations/Arduino Leonardo.xcconfig"; sourceTree = "<group>"; };
		471557C21AEDAA9400727572 /* Arduino Mega 2560.xcconfig */ = {isa = PBXFileReference; lastKnownFileType = text.xcconfig; name = "Arduino Mega 2560.xcconfig"; path = "Configurations/Arduino Mega 2560.xcconfig"; sourceTree = "<group>"; };
		471557C31AEDAA9400727572 /* Arduino Micro.xcconfig */ = {isa = PBXFileReference; lastKnownFileType = text.xcconfig; name = "Arduino Micro.xcconfig"; path = "Configurations/Arduino Micro.xcconfig"; sourceTree = "<group>"; };
		471557C41AEDAA9400727572 /* Arduino Pro with ATmega328-3.3V.xcconfig */ = {isa = PBXFileReference; lastKnownFileType = text.xcconfig; name = "Arduino Pro with ATmega328-3.3V.xcconfig"; path = "Configurations/Arduino Pro with ATmega328-3.3V.xcconfig"; sourceTree = "<group>"; };
		471557C51AEDAA9400727572 /* Arduino Pro with ATmega328-5V.xcconfig */ = {isa = PBXFileReference; lastKnownFileType = text.xcconfig; name = "Arduino Pro with ATmega328-5V.xcconfig"; path = "Configurations/Arduino Pro with ATmega328-5V.xcconfig"; sourceTree = "<group>"; };
		471557C61AEDAA9400727572 /* Arduino Mini with ATmega168.xcconfig */ = {isa = PBXFileReference; lastKnownFileType = text.xcconfig; name = "Arduino Mini with ATmega168.xcconfig"; path = "Configurations/Arduino Mini with ATmega168.xcconfig"; sourceTree = "<group>"; };
		471557C71AEDAA9400727572 /* Arduino Mini with ATmega328.xcconfig */ = {isa = PBXFileReference; lastKnownFileType = text.xcconfig; name = "Arduino Mini with ATmega328.xcconfig"; path = "Configurations/Arduino Mini with ATmega328.xcconfig"; sourceTree = "<group>"; };
		471557C81AEDAA9400727572 /* Arduino Nano with ATmega168.xcconfig */ = {isa = PBXFileReference; lastKnownFileType = text.xcconfig; name = "Arduino Nano with ATmega168.xcconfig"; path = "Configurations/Arduino Nano with ATmega168.xcconfig"; sourceTree = "<group>"; };
		471557C91AEDAA9400727572 /* Arduino Nano with ATmega328.xcconfig */ = {isa = PBXFileReference; lastKnownFileType = text.xcconfig; name = "Arduino Nano with ATmega328.xcconfig"; path = "Configurations/Arduino Nano with ATmega328.xcconfig"; sourceTree = "<group>"; };
		471557CA1AEDAA9400727572 /* Arduino Robot Control.xcconfig */ = {isa = PBXFileReference; lastKnownFileType = text.xcconfig; name = "Arduino Robot Control.xcconfig"; path = "Configurations/Arduino Robot Control.xcconfig"; sourceTree = "<group>"; };
		471557CB1AEDAA9400727572 /* Arduino Robot Motor.xcconfig */ = {isa = PBXFileReference; lastKnownFileType = text.xcconfig; name = "Arduino Robot Motor.xcconfig"; path = "Configurations/Arduino Robot Motor.xcconfig"; sourceTree = "<group>"; };
		471557CC1AEDAA9400727572 /* Arduino Uno.xcconfig */ = {isa = PBXFileReference; lastKnownFileType = text.xcconfig; name = "Arduino Uno.xcconfig"; path = "Configurations/Arduino Uno.xcconfig"; sourceTree = "<group>"; };
		471557CD1AEDAA9400727572 /* Arduino Yun.xcconfig */ = {isa = PBXFileReference; lastKnownFileType = text.xcconfig; name = "Arduino Yun.xcconfig"; path = "Configurations/Arduino Yun.xcconfig"; sourceTree = "<group>"; };
		471557CE1AEDAA9400727572 /* Arduino Zero Pro (Native USB Port).xcconfig */ = {isa = PBXFileReference; lastKnownFileType = text.xcconfig; name = "Arduino Zero Pro (Native USB Port).xcconfig"; path = "Configurations/Arduino Zero Pro (Native USB Port).xcconfig"; sourceTree = "<group>"; };
		471557CF1AEDAA9400727572 /* Arduino Zero Pro (Programming Port).xcconfig */ = {isa = PBXFileReference; lastKnownFileType = text.xcconfig; name = "Arduino Zero Pro (Programming Port).xcconfig"; path = "Configurations/Arduino Zero Pro (Programming Port).xcconfig"; sourceTree = "<group>"; };
		471557D01AEDAA9400727572 /* chipKIT DP32.xcconfig */ = {isa = PBXFileReference; lastKnownFileType = text.xcconfig; name = "chipKIT DP32.xcconfig"; path = "Configurations/chipKIT DP32.xcconfig"; sourceTree = "<group>"; };
		471557D11AEDAA9400727572 /* chipKIT Max32.xcconfig */ = {isa = PBXFileReference; lastKnownFileType = text.xcconfig; name = "chipKIT Max32.xcconfig"; path = "Configurations/chipKIT Max32.xcconfig"; sourceTree = "<group>"; };
		471557D21AEDAA9400727572 /* chipKIT uC32.xcconfig */ = {isa = PBXFileReference; lastKnownFileType = text.xcconfig; name = "chipKIT uC32.xcconfig"; path = "Configurations/chipKIT uC32.xcconfig"; sourceTree = "<group>"; };
		471557D31AEDAA9400727572 /* chipKIT Uno32.xcconfig */ = {isa = PBXFileReference; lastKnownFileType = text.xcconfig; name = "chipKIT Uno32.xcconfig"; path = "Configurations/chipKIT Uno32.xcconfig"; sourceTree = "<group>"; };
		471557D41AEDAA9400727572 /* chipKIT WiFire.xcconfig */ = {isa = PBXFileReference; lastKnownFileType = text.xcconfig; name = "chipKIT WiFire.xcconfig"; path = "Configurations/chipKIT WiFire.xcconfig"; sourceTree = "<group>"; };
		471557D51AEDAA9400727572 /* DFRobot BLuno.xcconfig */ = {isa = PBXFileReference; lastKnownFileType = text.xcconfig; name = "DFRobot BLuno.xcconfig"; path = "Configurations/DFRobot BLuno.xcconfig"; sourceTree = "<group>"; };
		471557D61AEDAA9400727572 /* DFRobot Wido.xcconfig */ = {isa = PBXFileReference; lastKnownFileType = text.xcconfig; name = "DFRobot Wido.xcconfig"; path = "Configurations/DFRobot Wido.xcconfig"; sourceTree = "<group>"; };
		471557D71AEDAA9400727572 /* Digispark Tiny Core.xcconfig */ = {isa = PBXFileReference; lastKnownFileType = text.xcconfig; name = "Digispark Tiny Core.xcconfig"; path = "Configurations/Digispark Tiny Core.xcconfig"; sourceTree = "<group>"; };
		471557D81AEDAA9400727572 /* ESP8266.xcconfig */ = {isa = PBXFileReference; lastKnownFileType = text.xcconfig; name = ESP8266.xcconfig; path = Configurations/ESP8266.xcconfig; sourceTree = "<group>"; };
		471557D91AEDAA9400727572 /* Experimeter Board with MSP430FR5739.xcconfig */ = {isa = PBXFileReference; lastKnownFileType = text.xcconfig; name = "Experimeter Board with MSP430FR5739.xcconfig"; path = "Configurations/Experimeter Board with MSP430FR5739.xcconfig"; sourceTree = "<group>"; };
		471557DA1AEDAA9400727572 /* Intel Edison.xcconfig */ = {isa = PBXFileReference; lastKnownFileType = text.xcconfig; name = "Intel Edison.xcconfig"; path = "Configurations/Intel Edison.xcconfig"; sourceTree = "<group>"; };
		471557DB1AEDAA9400727572 /* Intel Galileo.xcconfig */ = {isa = PBXFileReference; lastKnownFileType = text.xcconfig; name = "Intel Galileo.xcconfig"; path = "Configurations/Intel Galileo.xcconfig"; sourceTree = "<group>"; };
		471557DC1AEDAA9400727572 /* Intel Galileo Gen2.xcconfig */ = {isa = PBXFileReference; lastKnownFileType = text.xcconfig; name = "Intel Galileo Gen2.xcconfig"; path = "Configurations/Intel Galileo Gen2.xcconfig"; sourceTree = "<group>"; };
		471557DD1AEDAA9400727572 /* LaunchPad C2000 with F28027.xcconfig */ = {isa = PBXFileReference; lastKnownFileType = text.xcconfig; name = "LaunchPad C2000 with F28027.xcconfig"; path = "Configurations/LaunchPad C2000 with F28027.xcconfig"; sourceTree = "<group>"; };
		471557DE1AEDAA9400727572 /* LaunchPad MSP432.xcconfig */ = {isa = PBXFileReference; lastKnownFileType = text.xcconfig; name = "LaunchPad MSP432.xcconfig"; path = "Configurations/LaunchPad MSP432.xcconfig"; sourceTree = "<group>"; };
		471557DF1AEDAA9400727572 /* LaunchPad WiFi with CC3200.xcconfig */ = {isa = PBXFileReference; lastKnownFileType = text.xcconfig; name = "LaunchPad WiFi with CC3200.xcconfig"; path = "Configurations/LaunchPad WiFi with CC3200.xcconfig"; sourceTree = "<group>"; };
		471557E01AEDAA9400727572 /* LaunchPad Stellaris with LM4F120.xcconfig */ = {isa = PBXFileReference; lastKnownFileType = text.xcconfig; name = "LaunchPad Stellaris with LM4F120.xcconfig"; path = "Configurations/LaunchPad Stellaris with LM4F120.xcconfig"; sourceTree = "<group>"; };
		471557E11AEDAA9400727572 /* LaunchPad Tiva C with TM4C123.xcconfig */ = {isa = PBXFileReference; lastKnownFileType = text.xcconfig; name = "LaunchPad Tiva C with TM4C123.xcconfig"; path = "Configurations/LaunchPad Tiva C with TM4C123.xcconfig"; sourceTree = "<group>"; };
		471557E21AEDAA9400727572 /* LaunchPad Tiva C with TM4C129.xcconfig */ = {isa = PBXFileReference; lastKnownFileType = text.xcconfig; name = "LaunchPad Tiva C with TM4C129.xcconfig"; path = "Configurations/LaunchPad Tiva C with TM4C129.xcconfig"; sourceTree = "<group>"; };
		471557E31AEDAA9400727572 /* LaunchPad with MSP430G2553.xcconfig */ = {isa = PBXFileReference; lastKnownFileType = text.xcconfig; name = "LaunchPad with MSP430G2553.xcconfig"; path = "Configurations/LaunchPad with MSP430G2553.xcconfig"; sourceTree = "<group>"; };
		471557E41AEDAA9400727572 /* LaunchPad with MSP430G2231.xcconfig */ = {isa = PBXFileReference; lastKnownFileType = text.xcconfig; name = "LaunchPad with MSP430G2231.xcconfig"; path = "Configurations/LaunchPad with MSP430G2231.xcconfig"; sourceTree = "<group>"; };
		471557E51AEDAA9400727572 /* LaunchPad with MSP430G2452.xcconfig */ = {isa = PBXFileReference; lastKnownFileType = text.xcconfig; name = "LaunchPad with MSP430G2452.xcconfig"; path = "Configurations/LaunchPad with MSP430G2452.xcconfig"; sourceTree = "<group>"; };
		471557E61AEDAA9400727572 /* LaunchPad with MSP430F5529.xcconfig */ = {isa = PBXFileReference; lastKnownFileType = text.xcconfig; name = "LaunchPad with MSP430F5529.xcconfig"; path = "Configurations/LaunchPad with MSP430F5529.xcconfig"; sourceTree = "<group>"; };
		471557E71AEDAA9400727572 /* LaunchPad with MSP430FR5969.xcconfig */ = {isa = PBXFileReference; lastKnownFileType = text.xcconfig; name = "LaunchPad with MSP430FR5969.xcconfig"; path = "Configurations/LaunchPad with MSP430FR5969.xcconfig"; sourceTree = "<group>"; };
		471557E81AEDAA9400727572 /* Little Robot Friends.xcconfig */ = {isa = PBXFileReference; lastKnownFileType = text.xcconfig; name = "Little Robot Friends.xcconfig"; path = "Configurations/Little Robot Friends.xcconfig"; sourceTree = "<group>"; };
		471557E91AEDAA9400727572 /* Maple Flash revision 3+.xcconfig */ = {isa = PBXFileReference; lastKnownFileType = text.xcconfig; name = "Maple Flash revision 3+.xcconfig"; path = "Configurations/Maple Flash revision 3+.xcconfig"; sourceTree = "<group>"; };
		471557EA1AEDAA9400727572 /* Maple RAM revision 3+.xcconfig */ = {isa = PBXFileReference; lastKnownFileType = text.xcconfig; name = "Maple RAM revision 3+.xcconfig"; path = "Configurations/Maple RAM revision 3+.xcconfig"; sourceTree = "<group>"; };
		471557EB1AEDAA9400727572 /* Microduino Core STM32 Flash.xcconfig */ = {isa = PBXFileReference; lastKnownFileType = text.xcconfig; name = "Microduino Core STM32 Flash.xcconfig"; path = "Configurations/Microduino Core STM32 Flash.xcconfig"; sourceTree = "<group>"; };
		471557EC1AEDAA9400727572 /* Microduino Core STM32 RAM.xcconfig */ = {isa = PBXFileReference; lastKnownFileType = text.xcconfig; name = "Microduino Core STM32 RAM.xcconfig"; path = "Configurations/Microduino Core STM32 RAM.xcconfig"; sourceTree = "<group>"; };
		471557ED1AEDAA9400727572 /* Microduino Core USB with ATmega328U4-5V.xcconfig */ = {isa = PBXFileReference; lastKnownFileType = text.xcconfig; name = "Microduino Core USB with ATmega328U4-5V.xcconfig"; path = "Configurations/Microduino Core USB with ATmega328U4-5V.xcconfig"; sourceTree = "<group>"; };
		471557EE1AEDAA9400727572 /* Microduino Core with ATmega328-5V.xcconfig */ = {isa = PBXFileReference; lastKnownFileType = text.xcconfig; name = "Microduino Core with ATmega328-5V.xcconfig"; path = "Configurations/Microduino Core with ATmega328-5V.xcconfig"; sourceTree = "<group>"; };
		471557EF1AEDAA9400727572 /* Microduino Core+ with ATmega644-5V.xcconfig */ = {isa = PBXFileReference; lastKnownFileType = text.xcconfig; name = "Microduino Core+ with ATmega644-5V.xcconfig"; path = "Configurations/Microduino Core+ with ATmega644-5V.xcconfig"; sourceTree = "<group>"; };
		471557F01AEDAA9400727572 /* panStamp AVR.xcconfig */ = {isa = PBXFileReference; lastKnownFileType = text.xcconfig; name = "panStamp AVR.xcconfig"; path = "Configurations/panStamp AVR.xcconfig"; sourceTree = "<group>"; };
		471557F11AEDAA9400727572 /* panStamp NRG 1.0.xcconfig */ = {isa = PBXFileReference; lastKnownFileType = text.xcconfig; name = "panStamp NRG 1.0.xcconfig"; path = "Configurations/panStamp NRG 1.0.xcconfig"; sourceTree = "<group>"; };
		471557F21AEDAA9400727572 /* panStamp NRG 1.1.xcconfig */ = {isa = PBXFileReference; lastKnownFileType = text.xcconfig; name = "panStamp NRG 1.1.xcconfig"; path = "Configurations/panStamp NRG 1.1.xcconfig"; sourceTree = "<group>"; };
		471557F31AEDAA9400727572 /* RedBearLab BLE Nano.xcconfig */ = {isa = PBXFileReference; lastKnownFileType = text.xcconfig; name = "RedBearLab BLE Nano.xcconfig"; path = "Configurations/RedBearLab BLE Nano.xcconfig"; sourceTree = "<group>"; };
		471557F41AEDAA9400727572 /* RedBearLab nRF51822.xcconfig */ = {isa = PBXFileReference; lastKnownFileType = text.xcconfig; name = "RedBearLab nRF51822.xcconfig"; path = "Configurations/RedBearLab nRF51822.xcconfig"; sourceTree = "<group>"; };
		471557F51AEDAA9400727572 /* Spark Core (USB).xcconfig */ = {isa = PBXFileReference; lastKnownFileType = text.xcconfig; name = "Spark Core (USB).xcconfig"; path = "Configurations/Spark Core (USB).xcconfig"; sourceTree = "<group>"; };
		471557F61AEDAA9400727572 /* Sparkfun Uno.xcconfig */ = {isa = PBXFileReference; lastKnownFileType = text.xcconfig; name = "Sparkfun Uno.xcconfig"; path = "Configurations/Sparkfun Uno.xcconfig"; sourceTree = "<group>"; };
		471557F71AEDAA9400727572 /* Teensy 2.0.xcconfig */ = {isa = PBXFileReference; lastKnownFileType = text.xcconfig; name = "Teensy 2.0.xcconfig"; path = "Configurations/Teensy 2.0.xcconfig"; sourceTree = "<group>"; };
		471557F81AEDAA9400727572 /* Teensy 3.0.xcconfig */ = {isa = PBXFileReference; lastKnownFileType = text.xcconfig; name = "Teensy 3.0.xcconfig"; path = "Configurations/Teensy 3.0.xcconfig"; sourceTree = "<group>"; };
		471557F91AEDAA9400727572 /* Teensy 3.1.xcconfig */ = {isa = PBXFileReference; lastKnownFileType = text.xcconfig; name = "Teensy 3.1.xcconfig"; path = "Configurations/Teensy 3.1.xcconfig"; sourceTree = "<group>"; };
		471557FA1AEDAA9400727572 /* Wiring S.xcconfig */ = {isa = PBXFileReference; lastKnownFileType = text.xcconfig; name = "Wiring S.xcconfig"; path = "Configurations/Wiring S.xcconfig"; sourceTree = "<group>"; };
		471557FC1AEDAA9400727572 /* Arduino.mk */ = {isa = PBXFileReference; lastKnownFileType = text; name = Arduino.mk; path = Makefiles/Arduino.mk; sourceTree = "<group>"; };
		471557FD1AEDAA9400727572 /* Arduino1.mk */ = {isa = PBXFileReference; lastKnownFileType = text; name = Arduino1.mk; path = Makefiles/Arduino1.mk; sourceTree = "<group>"; };
		471557FE1AEDAA9400727572 /* Arduino15avr.mk */ = {isa = PBXFileReference; lastKnownFileType = text; name = Arduino15avr.mk; path = Makefiles/Arduino15avr.mk; sourceTree = "<group>"; };
		471557FF1AEDAA9400727572 /* Arduino15sam.mk */ = {isa = PBXFileReference; lastKnownFileType = text; name = Arduino15sam.mk; path = Makefiles/Arduino15sam.mk; sourceTree = "<group>"; };
		471558001AEDAA9400727572 /* Arduino17samd.mk */ = {isa = PBXFileReference; lastKnownFileType = text; name = Arduino17samd.mk; path = Makefiles/Arduino17samd.mk; sourceTree = "<group>"; };
		471558011AEDAA9400727572 /* Arduino23.mk */ = {isa = PBXFileReference; lastKnownFileType = text; name = Arduino23.mk; path = Makefiles/Arduino23.mk; sourceTree = "<group>"; };
		471558021AEDAA9400727572 /* Digispark.mk */ = {isa = PBXFileReference; lastKnownFileType = text; name = Digispark.mk; path = Makefiles/Digispark.mk; sourceTree = "<group>"; };
		471558031AEDAA9400727572 /* EnergiaMSP430.mk */ = {isa = PBXFileReference; lastKnownFileType = text; name = EnergiaMSP430.mk; path = Makefiles/EnergiaMSP430.mk; sourceTree = "<group>"; };
		471558041AEDAA9400727572 /* EnergiaMSP432.mk */ = {isa = PBXFileReference; lastKnownFileType = text; name = EnergiaMSP432.mk; path = Makefiles/EnergiaMSP432.mk; sourceTree = "<group>"; };
		471558051AEDAA9400727572 /* EnergiaLM4F.mk */ = {isa = PBXFileReference; lastKnownFileType = text; name = EnergiaLM4F.mk; path = Makefiles/EnergiaLM4F.mk; sourceTree = "<group>"; };
		471558061AEDAA9400727572 /* EnergiaCC3200.mk */ = {isa = PBXFileReference; lastKnownFileType = text; name = EnergiaCC3200.mk; path = Makefiles/EnergiaCC3200.mk; sourceTree = "<group>"; };
		471558071AEDAA9400727572 /* EnergiaC2000.mk */ = {isa = PBXFileReference; lastKnownFileType = text; name = EnergiaC2000.mk; path = Makefiles/EnergiaC2000.mk; sourceTree = "<group>"; };
		471558081AEDAA9400727572 /* Edison.mk */ = {isa = PBXFileReference; lastKnownFileType = text; name = Edison.mk; path = Makefiles/Edison.mk; sourceTree = "<group>"; };
		471558091AEDAA9400727572 /* Galileo.mk */ = {isa = PBXFileReference; lastKnownFileType = text; name = Galileo.mk; path = Makefiles/Galileo.mk; sourceTree = "<group>"; };
		4715580A1AEDAA9400727572 /* ESP8266.mk */ = {isa = PBXFileReference; lastKnownFileType = text; name = ESP8266.mk; path = Makefiles/ESP8266.mk; sourceTree = "<group>"; };
		4715580B1AEDAA9400727572 /* MapleIDE.mk */ = {isa = PBXFileReference; lastKnownFileType = text; name = MapleIDE.mk; path = Makefiles/MapleIDE.mk; sourceTree = "<group>"; };
		4715580C1AEDAA9400727572 /* RedBearLab.mk */ = {isa = PBXFileReference; lastKnownFileType = text; name = RedBearLab.mk; path = Makefiles/RedBearLab.mk; sourceTree = "<group>"; };
		4715580D1AEDAA9400727572 /* Microduino.mk */ = {isa = PBXFileReference; lastKnownFileType = text; name = Microduino.mk; path = Makefiles/Microduino.mk; sourceTree = "<group>"; };
		4715580E1AEDAA9400727572 /* Mpide.mk */ = {isa = PBXFileReference; lastKnownFileType = text; name = Mpide.mk; path = Makefiles/Mpide.mk; sourceTree = "<group>"; };
		4715580F1AEDAA9400727572 /* panStampAVR.mk */ = {isa = PBXFileReference; lastKnownFileType = text; name = panStampAVR.mk; path = Makefiles/panStampAVR.mk; sourceTree = "<group>"; };
		471558101AEDAA9400727572 /* panStampNRG.mk */ = {isa = PBXFileReference; lastKnownFileType = text; name = panStampNRG.mk; path = Makefiles/panStampNRG.mk; sourceTree = "<group>"; };
		471558111AEDAA9400727572 /* Wiring.mk */ = {isa = PBXFileReference; lastKnownFileType = text; name = Wiring.mk; path = Makefiles/Wiring.mk; sourceTree = "<group>"; };
		471558121AEDAA9400727572 /* Spark.mk */ = {isa = PBXFileReference; lastKnownFileType = text; name = Spark.mk; path = Makefiles/Spark.mk; sourceTree = "<group>"; };
		471558131AEDAA9500727572 /* Spark_fast.mk */ = {isa = PBXFileReference; lastKnownFileType = text; name = Spark_fast.mk; path = Makefiles/Spark_fast.mk; sourceTree = "<group>"; };
		471558141AEDAA9500727572 /* Step1.mk */ = {isa = PBXFileReference; lastKnownFileType = text; name = Step1.mk; path = Makefiles/Step1.mk; sourceTree = "<group>"; };
		471558151AEDAA9500727572 /* Step2.mk */ = {isa = PBXFileReference; lastKnownFileType = text; name = Step2.mk; path = Makefiles/Step2.mk; sourceTree = "<group>"; };
		471558161AEDAA9500727572 /* Teensy.mk */ = {isa = PBXFileReference; lastKnownFileType = text; name = Teensy.mk; path = Makefiles/Teensy.mk; sourceTree = "<group>"; };
		471558171AEDAA9500727572 /* Teensy2.mk */ = {isa = PBXFileReference; lastKnownFileType = text; name = Teensy2.mk; path = Makefiles/Teensy2.mk; sourceTree = "<group>"; };
		471558181AEDAA9500727572 /* Teensy3.mk */ = {isa = PBXFileReference; lastKnownFileType = text; name = Teensy3.mk; path = Makefiles/Teensy3.mk; sourceTree = "<group>"; };
		471558191AEDAA9500727572 /* Avrdude.mk */ = {isa = PBXFileReference; lastKnownFileType = text; name = Avrdude.mk; path = Makefiles/Avrdude.mk; sourceTree = "<group>"; };
		4715581B1AEDAA9500727572 /* About.txt */ = {isa = PBXFileReference; lastKnownFileType = text; name = About.txt; path = About/About.txt; sourceTree = "<group>"; };
		4715581D1AEDAA9500727572 /* reset_maple.py */ = {isa = PBXFileReference; lastKnownFileType = text.script.python; name = reset_maple.py; path = Utilities/reset_maple.py; sourceTree = "<group>"; };
		4715581E1AEDAA9500727572 /* reset_1200.py */ = {isa = PBXFileReference; lastKnownFileType = text.script.python; name = reset_1200.py; path = Utilities/reset_1200.py; sourceTree = "<group>"; };
		4715581F1AEDAA9500727572 /* embedXcode_prepare */ = {isa = PBXFileReference; lastKnownFileType = "compiled.mach-o.executable"; name = embedXcode_prepare; path = Utilities/embedXcode_prepare; sourceTree = "<group>"; };
		471558201AEDAA9500727572 /* embedXcode_check */ = {isa = PBXFileReference; lastKnownFileType = "compiled.mach-o.executable"; name = embedXcode_check; path = Utilities/embedXcode_check; sourceTree = "<group>"; };
		471558211AEDAA9500727572 /* embedXcode_chrono */ = {isa = PBXFileReference; lastKnownFileType = "compiled.mach-o.executable"; name = embedXcode_chrono; path = Utilities/embedXcode_chrono; sourceTree = "<group>"; };
		471558221AEDAA9500727572 /* TemplateIcon.icns */ = {isa = PBXFileReference; lastKnownFileType = image.icns; name = TemplateIcon.icns; path = Utilities/TemplateIcon.icns; sourceTree = "<group>"; };
		471558231AEDAA9500727572 /* uploader_izmir.sh */ = {isa = PBXFileReference; lastKnownFileType = text.script.sh; name = uploader_izmir.sh; path = Utilities/uploader_izmir.sh; sourceTree = "<group>"; };
		471558241AEDAA9500727572 /* DJBooth.ino */ = {isa = PBXFileReference; lastKnownFileType = text; path = DJBooth.ino; sourceTree = "<group>"; };
/* End PBXFileReference section */

/* Begin PBXGroup section */
		471557A01AEDAA9400727572 = {
			isa = PBXGroup;
			children = (
				471557AE1AEDAA9400727572 /* DJBooth */,
				471557AD1AEDAA9400727572 /* Products */,
			);
			sourceTree = "<group>";
		};
		471557AD1AEDAA9400727572 /* Products */ = {
			isa = PBXGroup;
			children = (
				471557AC1AEDAA9400727572 /* Index */,
			);
			name = Products;
			sourceTree = "<group>";
		};
		471557AE1AEDAA9400727572 /* DJBooth */ = {
			isa = PBXGroup;
			children = (
				471557AF1AEDAA9400727572 /* main.cpp */,
				471557B11AEDAA9400727572 /* Makefile */,
				471557B31AEDAA9400727572 /* ReadMe.txt */,
				471557B41AEDAA9400727572 /* LocalLibrary.cpp */,
				471557B61AEDAA9400727572 /* LocalLibrary.h */,
				471558241AEDAA9500727572 /* DJBooth.ino */,
				471557B71AEDAA9400727572 /* Sketchbook */,
				471557B91AEDAA9400727572 /* Configurations */,
				471557FB1AEDAA9400727572 /* Makefiles */,
				4715581A1AEDAA9500727572 /* About */,
				4715581C1AEDAA9500727572 /* Utilities */,
			);
			path = DJBooth;
			sourceTree = "<group>";
		};
		471557B71AEDAA9400727572 /* Sketchbook */ = {
			isa = PBXGroup;
			children = (
				471557B81AEDAA9400727572 /* Sketchbook.txt */,
			);
			name = Sketchbook;
			sourceTree = "<group>";
		};
		471557B91AEDAA9400727572 /* Configurations */ = {
			isa = PBXGroup;
			children = (
				471557BA1AEDAA9400727572 /* 4D Systems PICadillo 35T.xcconfig */,
				471557BB1AEDAA9400727572 /* Adafruit Pro Trinket 3V-12MHz.xcconfig */,
				471557BC1AEDAA9400727572 /* Adafruit Pro Trinket 5V-16MHz.xcconfig */,
				471557BD1AEDAA9400727572 /* Adafruit Trinket 3V-8MHz.xcconfig */,
				471557BE1AEDAA9400727572 /* Adafruit Trinket 5V-16MHz.xcconfig */,
				471557BF1AEDAA9400727572 /* Arduino Due.xcconfig */,
				471557C01AEDAA9400727572 /* Arduino Duemilanove.xcconfig */,
				471557C11AEDAA9400727572 /* Arduino Leonardo.xcconfig */,
				471557C21AEDAA9400727572 /* Arduino Mega 2560.xcconfig */,
				471557C31AEDAA9400727572 /* Arduino Micro.xcconfig */,
				471557C41AEDAA9400727572 /* Arduino Pro with ATmega328-3.3V.xcconfig */,
				471557C51AEDAA9400727572 /* Arduino Pro with ATmega328-5V.xcconfig */,
				471557C61AEDAA9400727572 /* Arduino Mini with ATmega168.xcconfig */,
				471557C71AEDAA9400727572 /* Arduino Mini with ATmega328.xcconfig */,
				471557C81AEDAA9400727572 /* Arduino Nano with ATmega168.xcconfig */,
				471557C91AEDAA9400727572 /* Arduino Nano with ATmega328.xcconfig */,
				471557CA1AEDAA9400727572 /* Arduino Robot Control.xcconfig */,
				471557CB1AEDAA9400727572 /* Arduino Robot Motor.xcconfig */,
				471557CC1AEDAA9400727572 /* Arduino Uno.xcconfig */,
				471557CD1AEDAA9400727572 /* Arduino Yun.xcconfig */,
				471557CE1AEDAA9400727572 /* Arduino Zero Pro (Native USB Port).xcconfig */,
				471557CF1AEDAA9400727572 /* Arduino Zero Pro (Programming Port).xcconfig */,
				471557D01AEDAA9400727572 /* chipKIT DP32.xcconfig */,
				471557D11AEDAA9400727572 /* chipKIT Max32.xcconfig */,
				471557D21AEDAA9400727572 /* chipKIT uC32.xcconfig */,
				471557D31AEDAA9400727572 /* chipKIT Uno32.xcconfig */,
				471557D41AEDAA9400727572 /* chipKIT WiFire.xcconfig */,
				471557D51AEDAA9400727572 /* DFRobot BLuno.xcconfig */,
				471557D61AEDAA9400727572 /* DFRobot Wido.xcconfig */,
				471557D71AEDAA9400727572 /* Digispark Tiny Core.xcconfig */,
				471557D81AEDAA9400727572 /* ESP8266.xcconfig */,
				471557D91AEDAA9400727572 /* Experimeter Board with MSP430FR5739.xcconfig */,
				471557DA1AEDAA9400727572 /* Intel Edison.xcconfig */,
				471557DB1AEDAA9400727572 /* Intel Galileo.xcconfig */,
				471557DC1AEDAA9400727572 /* Intel Galileo Gen2.xcconfig */,
				471557DD1AEDAA9400727572 /* LaunchPad C2000 with F28027.xcconfig */,
				471557DE1AEDAA9400727572 /* LaunchPad MSP432.xcconfig */,
				471557DF1AEDAA9400727572 /* LaunchPad WiFi with CC3200.xcconfig */,
				471557E01AEDAA9400727572 /* LaunchPad Stellaris with LM4F120.xcconfig */,
				471557E11AEDAA9400727572 /* LaunchPad Tiva C with TM4C123.xcconfig */,
				471557E21AEDAA9400727572 /* LaunchPad Tiva C with TM4C129.xcconfig */,
				471557E31AEDAA9400727572 /* LaunchPad with MSP430G2553.xcconfig */,
				471557E41AEDAA9400727572 /* LaunchPad with MSP430G2231.xcconfig */,
				471557E51AEDAA9400727572 /* LaunchPad with MSP430G2452.xcconfig */,
				471557E61AEDAA9400727572 /* LaunchPad with MSP430F5529.xcconfig */,
				471557E71AEDAA9400727572 /* LaunchPad with MSP430FR5969.xcconfig */,
				471557E81AEDAA9400727572 /* Little Robot Friends.xcconfig */,
				471557E91AEDAA9400727572 /* Maple Flash revision 3+.xcconfig */,
				471557EA1AEDAA9400727572 /* Maple RAM revision 3+.xcconfig */,
				471557EB1AEDAA9400727572 /* Microduino Core STM32 Flash.xcconfig */,
				471557EC1AEDAA9400727572 /* Microduino Core STM32 RAM.xcconfig */,
				471557ED1AEDAA9400727572 /* Microduino Core USB with ATmega328U4-5V.xcconfig */,
				471557EE1AEDAA9400727572 /* Microduino Core with ATmega328-5V.xcconfig */,
				471557EF1AEDAA9400727572 /* Microduino Core+ with ATmega644-5V.xcconfig */,
				471557F01AEDAA9400727572 /* panStamp AVR.xcconfig */,
				471557F11AEDAA9400727572 /* panStamp NRG 1.0.xcconfig */,
				471557F21AEDAA9400727572 /* panStamp NRG 1.1.xcconfig */,
				471557F31AEDAA9400727572 /* RedBearLab BLE Nano.xcconfig */,
				471557F41AEDAA9400727572 /* RedBearLab nRF51822.xcconfig */,
				471557F51AEDAA9400727572 /* Spark Core (USB).xcconfig */,
				471557F61AEDAA9400727572 /* Sparkfun Uno.xcconfig */,
				471557F71AEDAA9400727572 /* Teensy 2.0.xcconfig */,
				471557F81AEDAA9400727572 /* Teensy 3.0.xcconfig */,
				471557F91AEDAA9400727572 /* Teensy 3.1.xcconfig */,
				471557FA1AEDAA9400727572 /* Wiring S.xcconfig */,
			);
			name = Configurations;
			sourceTree = "<group>";
		};
		471557FB1AEDAA9400727572 /* Makefiles */ = {
			isa = PBXGroup;
			children = (
				471557FC1AEDAA9400727572 /* Arduino.mk */,
				471557FD1AEDAA9400727572 /* Arduino1.mk */,
				471557FE1AEDAA9400727572 /* Arduino15avr.mk */,
				471557FF1AEDAA9400727572 /* Arduino15sam.mk */,
				471558001AEDAA9400727572 /* Arduino17samd.mk */,
				471558011AEDAA9400727572 /* Arduino23.mk */,
				471558021AEDAA9400727572 /* Digispark.mk */,
				471558031AEDAA9400727572 /* EnergiaMSP430.mk */,
				471558041AEDAA9400727572 /* EnergiaMSP432.mk */,
				471558051AEDAA9400727572 /* EnergiaLM4F.mk */,
				471558061AEDAA9400727572 /* EnergiaCC3200.mk */,
				471558071AEDAA9400727572 /* EnergiaC2000.mk */,
				471558081AEDAA9400727572 /* Edison.mk */,
				471558091AEDAA9400727572 /* Galileo.mk */,
				4715580A1AEDAA9400727572 /* ESP8266.mk */,
				4715580B1AEDAA9400727572 /* MapleIDE.mk */,
				4715580C1AEDAA9400727572 /* RedBearLab.mk */,
				4715580D1AEDAA9400727572 /* Microduino.mk */,
				4715580E1AEDAA9400727572 /* Mpide.mk */,
				4715580F1AEDAA9400727572 /* panStampAVR.mk */,
				471558101AEDAA9400727572 /* panStampNRG.mk */,
				471558111AEDAA9400727572 /* Wiring.mk */,
				471558121AEDAA9400727572 /* Spark.mk */,
				471558131AEDAA9500727572 /* Spark_fast.mk */,
				471558141AEDAA9500727572 /* Step1.mk */,
				471558151AEDAA9500727572 /* Step2.mk */,
				471558161AEDAA9500727572 /* Teensy.mk */,
				471558171AEDAA9500727572 /* Teensy2.mk */,
				471558181AEDAA9500727572 /* Teensy3.mk */,
				471558191AEDAA9500727572 /* Avrdude.mk */,
			);
			name = Makefiles;
			sourceTree = "<group>";
		};
		4715581A1AEDAA9500727572 /* About */ = {
			isa = PBXGroup;
			children = (
				4715581B1AEDAA9500727572 /* About.txt */,
			);
			name = About;
			sourceTree = "<group>";
		};
		4715581C1AEDAA9500727572 /* Utilities */ = {
			isa = PBXGroup;
			children = (
				4715581D1AEDAA9500727572 /* reset_maple.py */,
				4715581E1AEDAA9500727572 /* reset_1200.py */,
				4715581F1AEDAA9500727572 /* embedXcode_prepare */,
				471558201AEDAA9500727572 /* embedXcode_check */,
				471558211AEDAA9500727572 /* embedXcode_chrono */,
				471558221AEDAA9500727572 /* TemplateIcon.icns */,
				471558231AEDAA9500727572 /* uploader_izmir.sh */,
			);
			name = Utilities;
			sourceTree = "<group>";
		};
/* End PBXGroup section */

/* Begin PBXLegacyTarget section */
		471557A51AEDAA9400727572 /* All */ = {
			isa = PBXLegacyTarget;
			buildArgumentsString = "all -C \"$(PROJECT)\"";
			buildConfigurationList = 471558271AEDAA9500727572 /* Build configuration list for PBXLegacyTarget "All" */;
			buildPhases = (
			);
			buildToolPath = make;
			dependencies = (
			);
			name = All;
			passBuildSettingsInEnvironment = 1;
			productName = All;
		};
		471557A61AEDAA9400727572 /* Build */ = {
			isa = PBXLegacyTarget;
			buildArgumentsString = "build -C \"$(PROJECT)\"";
			buildConfigurationList = 4715582A1AEDAA9500727572 /* Build configuration list for PBXLegacyTarget "Build" */;
			buildPhases = (
			);
			buildToolPath = make;
			dependencies = (
			);
			name = Build;
			passBuildSettingsInEnvironment = 1;
			productName = Build;
		};
		471557A71AEDAA9400727572 /* Boards */ = {
			isa = PBXLegacyTarget;
			buildArgumentsString = "boards -C \"$(PROJECT)\"";
			buildConfigurationList = 4715582D1AEDAA9500727572 /* Build configuration list for PBXLegacyTarget "Boards" */;
			buildPhases = (
			);
			buildToolPath = make;
			dependencies = (
			);
			name = Boards;
			passBuildSettingsInEnvironment = 1;
			productName = Boards;
		};
		471557A81AEDAA9400727572 /* Serial */ = {
			isa = PBXLegacyTarget;
			buildArgumentsString = "serial -C \"$(PROJECT)\"";
			buildConfigurationList = 471558301AEDAA9500727572 /* Build configuration list for PBXLegacyTarget "Serial" */;
			buildPhases = (
			);
			buildToolPath = make;
			dependencies = (
			);
			name = Serial;
			passBuildSettingsInEnvironment = 1;
			productName = Serial;
		};
		471557A91AEDAA9400727572 /* Upload */ = {
			isa = PBXLegacyTarget;
			buildArgumentsString = "upload -C \"$(PROJECT)\"";
			buildConfigurationList = 471558331AEDAA9500727572 /* Build configuration list for PBXLegacyTarget "Upload" */;
			buildPhases = (
			);
			buildToolPath = make;
			dependencies = (
			);
			name = Upload;
			passBuildSettingsInEnvironment = 1;
			productName = Upload;
		};
/* End PBXLegacyTarget section */

/* Begin PBXNativeTarget section */
		471557AB1AEDAA9400727572 /* Index */ = {
			isa = PBXNativeTarget;
			buildConfigurationList = 471558361AEDAA9500727572 /* Build configuration list for PBXNativeTarget "Index" */;
			buildPhases = (
				471557AA1AEDAA9400727572 /* Sources */,
			);
			buildRules = (
			);
			dependencies = (
			);
			name = Index;
			productName = Index;
			productReference = 471557AC1AEDAA9400727572 /* Index */;
			productType = "com.apple.product-type.tool";
		};
/* End PBXNativeTarget section */

/* Begin PBXProject section */
		471557A11AEDAA9400727572 /* Project object */ = {
			isa = PBXProject;
			attributes = {
				LastUpgradeCheck = 0630;
				ORGANIZATIONNAME = "Andrew Hughes";
				TargetAttributes = {
					471557A51AEDAA9400727572 = {
						CreatedOnToolsVersion = 6.3;
					};
					471557A61AEDAA9400727572 = {
						CreatedOnToolsVersion = 6.3;
					};
					471557A71AEDAA9400727572 = {
						CreatedOnToolsVersion = 6.3;
					};
					471557A81AEDAA9400727572 = {
						CreatedOnToolsVersion = 6.3;
					};
					471557A91AEDAA9400727572 = {
						CreatedOnToolsVersion = 6.3;
					};
					471557AB1AEDAA9400727572 = {
						CreatedOnToolsVersion = 6.3;
					};
				};
			};
			buildConfigurationList = 471557A41AEDAA9400727572 /* Build configuration list for PBXProject "DJBooth" */;
			compatibilityVersion = "Xcode 3.2";
			developmentRegion = English;
			hasScannedForEncodings = 0;
			knownRegions = (
				en,
			);
			mainGroup = 471557A01AEDAA9400727572;
			productRefGroup = 471557AD1AEDAA9400727572 /* Products */;
			projectDirPath = "";
			projectRoot = "";
			targets = (
				471557A51AEDAA9400727572 /* All */,
				471557A61AEDAA9400727572 /* Build */,
				471557A71AEDAA9400727572 /* Boards */,
				471557A81AEDAA9400727572 /* Serial */,
				471557A91AEDAA9400727572 /* Upload */,
				471557AB1AEDAA9400727572 /* Index */,
			);
		};
/* End PBXProject section */

/* Begin PBXSourcesBuildPhase section */
		471557AA1AEDAA9400727572 /* Sources */ = {
			isa = PBXSourcesBuildPhase;
			buildActionMask = 2147483647;
			files = (
				471557B21AEDAA9400727572 /* Makefile in Sources */,
				471557B01AEDAA9400727572 /* main.cpp in Sources */,
				471557B51AEDAA9400727572 /* LocalLibrary.cpp in Sources */,
			);
			runOnlyForDeploymentPostprocessing = 0;
		};
/* End PBXSourcesBuildPhase section */

/* Begin XCBuildConfiguration section */
		471558251AEDAA9500727572 /* Debug */ = {
			isa = XCBuildConfiguration;
			baseConfigurationReference = 471557F91AEDAA9400727572 /* Teensy 3.1.xcconfig */;
			buildSettings = {
				ALWAYS_SEARCH_USER_PATHS = NO;
				CLANG_CXX_LANGUAGE_STANDARD = "gnu++0x";
				CLANG_CXX_LIBRARY = "libc++";
				CLANG_ENABLE_MODULES = YES;
				CLANG_ENABLE_OBJC_ARC = YES;
				CLANG_WARN_BOOL_CONVERSION = YES;
				CLANG_WARN_CONSTANT_CONVERSION = YES;
				CLANG_WARN_DIRECT_OBJC_ISA_USAGE = YES_ERROR;
				CLANG_WARN_EMPTY_BODY = YES;
				CLANG_WARN_ENUM_CONVERSION = YES;
				CLANG_WARN_INT_CONVERSION = YES;
				CLANG_WARN_OBJC_ROOT_CLASS = YES_ERROR;
				CLANG_WARN_UNREACHABLE_CODE = YES;
				CLANG_WARN__DUPLICATE_METHOD_MATCH = YES;
				COPY_PHASE_STRIP = NO;
				ENABLE_STRICT_OBJC_MSGSEND = YES;
				GCC_C_LANGUAGE_STANDARD = gnu99;
				GCC_DYNAMIC_NO_PIC = NO;
				GCC_NO_COMMON_BLOCKS = YES;
				GCC_OPTIMIZATION_LEVEL = 0;
				GCC_PREPROCESSOR_DEFINITIONS = (
					"DEBUG=1",
					"$(inherited)",
				);
				GCC_SYMBOLS_PRIVATE_EXTERN = NO;
				GCC_WARN_64_TO_32_BIT_CONVERSION = YES;
				GCC_WARN_ABOUT_RETURN_TYPE = YES_ERROR;
				GCC_WARN_UNDECLARED_SELECTOR = YES;
				GCC_WARN_UNINITIALIZED_AUTOS = YES_AGGRESSIVE;
				GCC_WARN_UNUSED_FUNCTION = YES;
				GCC_WARN_UNUSED_VARIABLE = YES;
				HEADER_SEARCH_PATHS = "$(inherited)";
				MTL_ENABLE_DEBUG_INFO = YES;
				ONLY_ACTIVE_ARCH = YES;
				PATH = "$(PATH):$(PROJECT_DIR)";
				PRODUCT_NAME = "$(TARGET_NAME)";
				SKETCHBOOK_DIR = "";
				SKETCH_EXTENSION = ino;
			};
			name = Debug;
		};
		471558261AEDAA9500727572 /* Release */ = {
			isa = XCBuildConfiguration;
			buildSettings = {
				ALWAYS_SEARCH_USER_PATHS = NO;
				CLANG_CXX_LANGUAGE_STANDARD = "gnu++0x";
				CLANG_CXX_LIBRARY = "libc++";
				CLANG_ENABLE_MODULES = YES;
				CLANG_ENABLE_OBJC_ARC = YES;
				CLANG_WARN_BOOL_CONVERSION = YES;
				CLANG_WARN_CONSTANT_CONVERSION = YES;
				CLANG_WARN_DIRECT_OBJC_ISA_USAGE = YES_ERROR;
				CLANG_WARN_EMPTY_BODY = YES;
				CLANG_WARN_ENUM_CONVERSION = YES;
				CLANG_WARN_INT_CONVERSION = YES;
				CLANG_WARN_OBJC_ROOT_CLASS = YES_ERROR;
				CLANG_WARN_UNREACHABLE_CODE = YES;
				CLANG_WARN__DUPLICATE_METHOD_MATCH = YES;
				COPY_PHASE_STRIP = NO;
				ENABLE_NS_ASSERTIONS = NO;
				ENABLE_STRICT_OBJC_MSGSEND = YES;
				GCC_C_LANGUAGE_STANDARD = gnu99;
				GCC_NO_COMMON_BLOCKS = YES;
				GCC_WARN_64_TO_32_BIT_CONVERSION = YES;
				GCC_WARN_ABOUT_RETURN_TYPE = YES_ERROR;
				GCC_WARN_UNDECLARED_SELECTOR = YES;
				GCC_WARN_UNINITIALIZED_AUTOS = YES_AGGRESSIVE;
				GCC_WARN_UNUSED_FUNCTION = YES;
				GCC_WARN_UNUSED_VARIABLE = YES;
				HEADER_SEARCH_PATHS = "$(inherited)";
				MTL_ENABLE_DEBUG_INFO = NO;
				PATH = "$(PATH):$(PROJECT_DIR)";
				PRODUCT_NAME = "$(TARGET_NAME)";
				SKETCHBOOK_DIR = "";
				SKETCH_EXTENSION = ino;
			};
			name = Release;
		};
		471558281AEDAA9500727572 /* Debug */ = {
			isa = XCBuildConfiguration;
			buildSettings = {
				PRODUCT_NAME = "$(TARGET_NAME)";
			};
			name = Debug;
		};
		471558291AEDAA9500727572 /* Release */ = {
			isa = XCBuildConfiguration;
			buildSettings = {
				PRODUCT_NAME = "$(TARGET_NAME)";
			};
			name = Release;
		};
		4715582B1AEDAA9500727572 /* Debug */ = {
			isa = XCBuildConfiguration;
			buildSettings = {
			};
			name = Debug;
		};
		4715582C1AEDAA9500727572 /* Release */ = {
			isa = XCBuildConfiguration;
			buildSettings = {
			};
			name = Release;
		};
		4715582E1AEDAA9500727572 /* Debug */ = {
			isa = XCBuildConfiguration;
			buildSettings = {
			};
			name = Debug;
		};
		4715582F1AEDAA9500727572 /* Release */ = {
			isa = XCBuildConfiguration;
			buildSettings = {
			};
			name = Release;
		};
		471558311AEDAA9500727572 /* Debug */ = {
			isa = XCBuildConfiguration;
			buildSettings = {
			};
			name = Debug;
		};
		471558321AEDAA9500727572 /* Release */ = {
			isa = XCBuildConfiguration;
			buildSettings = {
			};
			name = Release;
		};
		471558341AEDAA9500727572 /* Debug */ = {
			isa = XCBuildConfiguration;
			buildSettings = {
			};
			name = Debug;
		};
		471558351AEDAA9500727572 /* Release */ = {
			isa = XCBuildConfiguration;
			buildSettings = {
			};
			name = Release;
		};
		471558371AEDAA9500727572 /* Debug */ = {
			isa = XCBuildConfiguration;
			buildSettings = {
			};
			name = Debug;
		};
		471558381AEDAA9500727572 /* Release */ = {
			isa = XCBuildConfiguration;
			buildSettings = {
			};
			name = Release;
		};
/* End XCBuildConfiguration section */

/* Begin XCConfigurationList section */
		471557A41AEDAA9400727572 /* Build configuration list for PBXProject "DJBooth" */ = {
			isa = XCConfigurationList;
			buildConfigurations = (
				471558251AEDAA9500727572 /* Debug */,
				471558261AEDAA9500727572 /* Release */,
			);
			defaultConfigurationIsVisible = 0;
			defaultConfigurationName = Release;
		};
		471558271AEDAA9500727572 /* Build configuration list for PBXLegacyTarget "All" */ = {
			isa = XCConfigurationList;
			buildConfigurations = (
				471558281AEDAA9500727572 /* Debug */,
				471558291AEDAA9500727572 /* Release */,
			);
			defaultConfigurationIsVisible = 0;
		};
		4715582A1AEDAA9500727572 /* Build configuration list for PBXLegacyTarget "Build" */ = {
			isa = XCConfigurationList;
			buildConfigurations = (
				4715582B1AEDAA9500727572 /* Debug */,
				4715582C1AEDAA9500727572 /* Release */,
			);
			defaultConfigurationIsVisible = 0;
		};
		4715582D1AEDAA9500727572 /* Build configuration list for PBXLegacyTarget "Boards" */ = {
			isa = XCConfigurationList;
			buildConfigurations = (
				4715582E1AEDAA9500727572 /* Debug */,
				4715582F1AEDAA9500727572 /* Release */,
			);
			defaultConfigurationIsVisible = 0;
		};
		471558301AEDAA9500727572 /* Build configuration list for PBXLegacyTarget "Serial" */ = {
			isa = XCConfigurationList;
			buildConfigurations = (
				471558311AEDAA9500727572 /* Debug */,
				471558321AEDAA9500727572 /* Release */,
			);
			defaultConfigurationIsVisible = 0;
		};
		471558331AEDAA9500727572 /* Build configuration list for PBXLegacyTarget "Upload" */ = {
			isa = XCConfigurationList;
			buildConfigurations = (
				471558341AEDAA9500727572 /* Debug */,
				471558351AEDAA9500727572 /* Release */,
			);
			defaultConfigurationIsVisible = 0;
		};
		471558361AEDAA9500727572 /* Build configuration list for PBXNativeTarget "Index" */ = {
			isa = XCConfigurationList;
			buildConfigurations = (
				471558371AEDAA9500727572 /* Debug */,
				471558381AEDAA9500727572 /* Release */,
			);
			defaultConfigurationIsVisible = 0;
		};
/* End XCConfigurationList section */
	};
	rootObject = 471557A11AEDAA9400727572 /* Project object */;
}
